// !$*UTF8*$!
{
	archiveVersion = 1;
	classes = {
	};
	objectVersion = 50;
	objects = {

/* Begin PBXBuildFile section */
		77826C56236F73130063619D /* AppDelegate.swift in Sources */ = {isa = PBXBuildFile; fileRef = 77826C55236F73130063619D /* AppDelegate.swift */; };
		77826C58236F73130063619D /* SceneDelegate.swift in Sources */ = {isa = PBXBuildFile; fileRef = 77826C57236F73130063619D /* SceneDelegate.swift */; };
		77826C5B236F73130063619D /* VirtualTourist.xcdatamodeld in Sources */ = {isa = PBXBuildFile; fileRef = 77826C59236F73130063619D /* VirtualTourist.xcdatamodeld */; };
		77826C5D236F73130063619D /* ContentView.swift in Sources */ = {isa = PBXBuildFile; fileRef = 77826C5C236F73130063619D /* ContentView.swift */; };
		77826C5F236F731A0063619D /* Assets.xcassets in Resources */ = {isa = PBXBuildFile; fileRef = 77826C5E236F731A0063619D /* Assets.xcassets */; };
		77826C62236F731A0063619D /* Preview Assets.xcassets in Resources */ = {isa = PBXBuildFile; fileRef = 77826C61236F731A0063619D /* Preview Assets.xcassets */; };
		77826C65236F731A0063619D /* LaunchScreen.storyboard in Resources */ = {isa = PBXBuildFile; fileRef = 77826C63236F731A0063619D /* LaunchScreen.storyboard */; };
		77EFA999236F7B34008A214B /* Pin.swift in Sources */ = {isa = PBXBuildFile; fileRef = 77EFA998236F7B34008A214B /* Pin.swift */; };
		77EFA99E236FA1F3008A214B /* TravelLocationsMapViewController.swift in Sources */ = {isa = PBXBuildFile; fileRef = 77EFA99D236FA1F3008A214B /* TravelLocationsMapViewController.swift */; };
		77EFA9A0236FA208008A214B /* DataController.swift in Sources */ = {isa = PBXBuildFile; fileRef = 77EFA99F236FA208008A214B /* DataController.swift */; };
		77EFA9A323714750008A214B /* virtual-tourist-app-icons in Resources */ = {isa = PBXBuildFile; fileRef = 77EFA9A22371474F008A214B /* virtual-tourist-app-icons */; };
/* End PBXBuildFile section */

/* Begin PBXFileReference section */
		77826C52236F73130063619D /* VirtualTourist.app */ = {isa = PBXFileReference; explicitFileType = wrapper.application; includeInIndex = 0; path = VirtualTourist.app; sourceTree = BUILT_PRODUCTS_DIR; };
		77826C55236F73130063619D /* AppDelegate.swift */ = {isa = PBXFileReference; lastKnownFileType = sourcecode.swift; path = AppDelegate.swift; sourceTree = "<group>"; };
		77826C57236F73130063619D /* SceneDelegate.swift */ = {isa = PBXFileReference; lastKnownFileType = sourcecode.swift; path = SceneDelegate.swift; sourceTree = "<group>"; };
		77826C5A236F73130063619D /* VirtualTourist.xcdatamodel */ = {isa = PBXFileReference; lastKnownFileType = wrapper.xcdatamodel; path = VirtualTourist.xcdatamodel; sourceTree = "<group>"; };
		77826C5C236F73130063619D /* ContentView.swift */ = {isa = PBXFileReference; lastKnownFileType = sourcecode.swift; path = ContentView.swift; sourceTree = "<group>"; };
		77826C5E236F731A0063619D /* Assets.xcassets */ = {isa = PBXFileReference; lastKnownFileType = folder.assetcatalog; path = Assets.xcassets; sourceTree = "<group>"; };
		77826C61236F731A0063619D /* Preview Assets.xcassets */ = {isa = PBXFileReference; lastKnownFileType = folder.assetcatalog; path = "Preview Assets.xcassets"; sourceTree = "<group>"; };
		77826C64236F731A0063619D /* Base */ = {isa = PBXFileReference; lastKnownFileType = file.storyboard; name = Base; path = Base.lproj/LaunchScreen.storyboard; sourceTree = "<group>"; };
		77826C66236F731A0063619D /* Info.plist */ = {isa = PBXFileReference; lastKnownFileType = text.plist.xml; path = Info.plist; sourceTree = "<group>"; };
		77EFA998236F7B34008A214B /* Pin.swift */ = {isa = PBXFileReference; lastKnownFileType = sourcecode.swift; path = Pin.swift; sourceTree = "<group>"; };
		77EFA99D236FA1F3008A214B /* TravelLocationsMapViewController.swift */ = {isa = PBXFileReference; fileEncoding = 4; lastKnownFileType = sourcecode.swift; path = TravelLocationsMapViewController.swift; sourceTree = "<group>"; };
		77EFA99F236FA208008A214B /* DataController.swift */ = {isa = PBXFileReference; fileEncoding = 4; lastKnownFileType = sourcecode.swift; path = DataController.swift; sourceTree = "<group>"; };
		77EFA9A1236FACC3008A214B /* TextKeyConfig.xcconfig */ = {isa = PBXFileReference; lastKnownFileType = text.xcconfig; path = TextKeyConfig.xcconfig; sourceTree = "<group>"; };
		77EFA9A22371474F008A214B /* virtual-tourist-app-icons */ = {isa = PBXFileReference; lastKnownFileType = folder; path = "virtual-tourist-app-icons"; sourceTree = "<group>"; };
/* End PBXFileReference section */

/* Begin PBXFrameworksBuildPhase section */
		77826C4F236F73130063619D /* Frameworks */ = {
			isa = PBXFrameworksBuildPhase;
			buildActionMask = 2147483647;
			files = (
			);
			runOnlyForDeploymentPostprocessing = 0;
		};
/* End PBXFrameworksBuildPhase section */

/* Begin PBXGroup section */
		77826C49236F73130063619D = {
			isa = PBXGroup;
			children = (
				77826C54236F73130063619D /* VirtualTourist */,
				77826C53236F73130063619D /* Products */,
			);
			sourceTree = "<group>";
		};
		77826C53236F73130063619D /* Products */ = {
			isa = PBXGroup;
			children = (
				77826C52236F73130063619D /* VirtualTourist.app */,
			);
			name = Products;
			sourceTree = "<group>";
		};
		77826C54236F73130063619D /* VirtualTourist */ = {
			isa = PBXGroup;
			children = (
				77826C55236F73130063619D /* AppDelegate.swift */,
				77EFA9A1236FACC3008A214B /* TextKeyConfig.xcconfig */,
				77EFA99B236FA12B008A214B /* Assets */,
				77826C66236F731A0063619D /* Info.plist */,
				77EFA997236F7A04008A214B /* Model */,
				77EFA99C236FA14E008A214B /* View Controllers */,
				77826C60236F731A0063619D /* Preview Content */,
			);
			path = VirtualTourist;
			sourceTree = "<group>";
		};
		77826C60236F731A0063619D /* Preview Content */ = {
			isa = PBXGroup;
			children = (
				77826C57236F73130063619D /* SceneDelegate.swift */,
				77826C5C236F73130063619D /* ContentView.swift */,
				77826C61236F731A0063619D /* Preview Assets.xcassets */,
			);
			path = "Preview Content";
			sourceTree = "<group>";
		};
		77EFA997236F7A04008A214B /* Model */ = {
			isa = PBXGroup;
			children = (
				77826C59236F73130063619D /* VirtualTourist.xcdatamodeld */,
				77EFA99F236FA208008A214B /* DataController.swift */,
				77EFA99A236FA0D3008A214B /* Managed Object Extensions */,
			);
			path = Model;
			sourceTree = "<group>";
		};
		77EFA99A236FA0D3008A214B /* Managed Object Extensions */ = {
			isa = PBXGroup;
			children = (
				77EFA998236F7B34008A214B /* Pin.swift */,
			);
			path = "Managed Object Extensions";
			sourceTree = "<group>";
		};
		77EFA99B236FA12B008A214B /* Assets */ = {
			isa = PBXGroup;
			children = (
				77826C5E236F731A0063619D /* Assets.xcassets */,
				77EFA9A22371474F008A214B /* virtual-tourist-app-icons */,
				77826C63236F731A0063619D /* LaunchScreen.storyboard */,
			);
			path = Assets;
			sourceTree = "<group>";
		};
		77EFA99C236FA14E008A214B /* View Controllers */ = {
			isa = PBXGroup;
			children = (
				77EFA99D236FA1F3008A214B /* TravelLocationsMapViewController.swift */,
			);
			path = "View Controllers";
			sourceTree = "<group>";
		};
/* End PBXGroup section */

/* Begin PBXNativeTarget section */
		77826C51236F73130063619D /* VirtualTourist */ = {
			isa = PBXNativeTarget;
			buildConfigurationList = 77826C69236F731A0063619D /* Build configuration list for PBXNativeTarget "VirtualTourist" */;
			buildPhases = (
				77826C4E236F73130063619D /* Sources */,
				77826C4F236F73130063619D /* Frameworks */,
				77826C50236F73130063619D /* Resources */,
			);
			buildRules = (
			);
			dependencies = (
			);
			name = VirtualTourist;
			productName = VirtualTourist;
			productReference = 77826C52236F73130063619D /* VirtualTourist.app */;
			productType = "com.apple.product-type.application";
		};
/* End PBXNativeTarget section */

/* Begin PBXProject section */
		77826C4A236F73130063619D /* Project object */ = {
			isa = PBXProject;
			attributes = {
				LastSwiftUpdateCheck = 1110;
				LastUpgradeCheck = 1110;
				ORGANIZATIONNAME = NTG;
				TargetAttributes = {
					77826C51236F73130063619D = {
						CreatedOnToolsVersion = 11.1;
					};
				};
			};
			buildConfigurationList = 77826C4D236F73130063619D /* Build configuration list for PBXProject "VirtualTourist" */;
			compatibilityVersion = "Xcode 9.3";
			developmentRegion = en;
			hasScannedForEncodings = 0;
			knownRegions = (
				en,
				Base,
			);
			mainGroup = 77826C49236F73130063619D;
			productRefGroup = 77826C53236F73130063619D /* Products */;
			projectDirPath = "";
			projectRoot = "";
			targets = (
				77826C51236F73130063619D /* VirtualTourist */,
			);
		};
/* End PBXProject section */

/* Begin PBXResourcesBuildPhase section */
		77826C50236F73130063619D /* Resources */ = {
			isa = PBXResourcesBuildPhase;
			buildActionMask = 2147483647;
			files = (
				77826C65236F731A0063619D /* LaunchScreen.storyboard in Resources */,
				77826C62236F731A0063619D /* Preview Assets.xcassets in Resources */,
				77EFA9A323714750008A214B /* virtual-tourist-app-icons in Resources */,
				77826C5F236F731A0063619D /* Assets.xcassets in Resources */,
			);
			runOnlyForDeploymentPostprocessing = 0;
		};
/* End PBXResourcesBuildPhase section */

/* Begin PBXSourcesBuildPhase section */
		77826C4E236F73130063619D /* Sources */ = {
			isa = PBXSourcesBuildPhase;
			buildActionMask = 2147483647;
			files = (
				77EFA99E236FA1F3008A214B /* TravelLocationsMapViewController.swift in Sources */,
				77EFA999236F7B34008A214B /* Pin.swift in Sources */,
				77826C56236F73130063619D /* AppDelegate.swift in Sources */,
				77826C58236F73130063619D /* SceneDelegate.swift in Sources */,
				77EFA9A0236FA208008A214B /* DataController.swift in Sources */,
				77826C5D236F73130063619D /* ContentView.swift in Sources */,
				77826C5B236F73130063619D /* VirtualTourist.xcdatamodeld in Sources */,
			);
			runOnlyForDeploymentPostprocessing = 0;
		};
/* End PBXSourcesBuildPhase section */

/* Begin PBXVariantGroup section */
		77826C63236F731A0063619D /* LaunchScreen.storyboard */ = {
			isa = PBXVariantGroup;
			children = (
				77826C64236F731A0063619D /* Base */,
			);
			name = LaunchScreen.storyboard;
			sourceTree = "<group>";
		};
/* End PBXVariantGroup section */

/* Begin XCBuildConfiguration section */
		77826C67236F731A0063619D /* Debug */ = {
			isa = XCBuildConfiguration;
			buildSettings = {
				ALWAYS_SEARCH_USER_PATHS = NO;
				CLANG_ANALYZER_NONNULL = YES;
				CLANG_ANALYZER_NUMBER_OBJECT_CONVERSION = YES_AGGRESSIVE;
				CLANG_CXX_LANGUAGE_STANDARD = "gnu++14";
				CLANG_CXX_LIBRARY = "libc++";
				CLANG_ENABLE_MODULES = YES;
				CLANG_ENABLE_OBJC_ARC = YES;
				CLANG_ENABLE_OBJC_WEAK = YES;
				CLANG_WARN_BLOCK_CAPTURE_AUTORELEASING = YES;
				CLANG_WARN_BOOL_CONVERSION = YES;
				CLANG_WARN_COMMA = YES;
				CLANG_WARN_CONSTANT_CONVERSION = YES;
				CLANG_WARN_DEPRECATED_OBJC_IMPLEMENTATIONS = YES;
				CLANG_WARN_DIRECT_OBJC_ISA_USAGE = YES_ERROR;
				CLANG_WARN_DOCUMENTATION_COMMENTS = YES;
				CLANG_WARN_EMPTY_BODY = YES;
				CLANG_WARN_ENUM_CONVERSION = YES;
				CLANG_WARN_INFINITE_RECURSION = YES;
				CLANG_WARN_INT_CONVERSION = YES;
				CLANG_WARN_NON_LITERAL_NULL_CONVERSION = YES;
				CLANG_WARN_OBJC_IMPLICIT_RETAIN_SELF = YES;
				CLANG_WARN_OBJC_LITERAL_CONVERSION = YES;
				CLANG_WARN_OBJC_ROOT_CLASS = YES_ERROR;
				CLANG_WARN_RANGE_LOOP_ANALYSIS = YES;
				CLANG_WARN_STRICT_PROTOTYPES = YES;
				CLANG_WARN_SUSPICIOUS_MOVE = YES;
				CLANG_WARN_UNGUARDED_AVAILABILITY = YES_AGGRESSIVE;
				CLANG_WARN_UNREACHABLE_CODE = YES;
				CLANG_WARN__DUPLICATE_METHOD_MATCH = YES;
				COPY_PHASE_STRIP = NO;
				DEBUG_INFORMATION_FORMAT = dwarf;
				ENABLE_STRICT_OBJC_MSGSEND = YES;
				ENABLE_TESTABILITY = YES;
				GCC_C_LANGUAGE_STANDARD = gnu11;
				GCC_DYNAMIC_NO_PIC = NO;
				GCC_NO_COMMON_BLOCKS = YES;
				GCC_OPTIMIZATION_LEVEL = 0;
				GCC_PREPROCESSOR_DEFINITIONS = (
					"DEBUG=1",
					"$(inherited)",
				);
				GCC_WARN_64_TO_32_BIT_CONVERSION = YES;
				GCC_WARN_ABOUT_RETURN_TYPE = YES_ERROR;
				GCC_WARN_UNDECLARED_SELECTOR = YES;
				GCC_WARN_UNINITIALIZED_AUTOS = YES_AGGRESSIVE;
				GCC_WARN_UNUSED_FUNCTION = YES;
				GCC_WARN_UNUSED_VARIABLE = YES;
				IPHONEOS_DEPLOYMENT_TARGET = 13.1;
				MTL_ENABLE_DEBUG_INFO = INCLUDE_SOURCE;
				MTL_FAST_MATH = YES;
				ONLY_ACTIVE_ARCH = YES;
				SDKROOT = iphoneos;
				SWIFT_ACTIVE_COMPILATION_CONDITIONS = DEBUG;
				SWIFT_OPTIMIZATION_LEVEL = "-Onone";
			};
			name = Debug;
		};
		77826C68236F731A0063619D /* Release */ = {
			isa = XCBuildConfiguration;
			buildSettings = {
				ALWAYS_SEARCH_USER_PATHS = NO;
				CLANG_ANALYZER_NONNULL = YES;
				CLANG_ANALYZER_NUMBER_OBJECT_CONVERSION = YES_AGGRESSIVE;
				CLANG_CXX_LANGUAGE_STANDARD = "gnu++14";
				CLANG_CXX_LIBRARY = "libc++";
				CLANG_ENABLE_MODULES = YES;
				CLANG_ENABLE_OBJC_ARC = YES;
				CLANG_ENABLE_OBJC_WEAK = YES;
				CLANG_WARN_BLOCK_CAPTURE_AUTORELEASING = YES;
				CLANG_WARN_BOOL_CONVERSION = YES;
				CLANG_WARN_COMMA = YES;
				CLANG_WARN_CONSTANT_CONVERSION = YES;
				CLANG_WARN_DEPRECATED_OBJC_IMPLEMENTATIONS = YES;
				CLANG_WARN_DIRECT_OBJC_ISA_USAGE = YES_ERROR;
				CLANG_WARN_DOCUMENTATION_COMMENTS = YES;
				CLANG_WARN_EMPTY_BODY = YES;
				CLANG_WARN_ENUM_CONVERSION = YES;
				CLANG_WARN_INFINITE_RECURSION = YES;
				CLANG_WARN_INT_CONVERSION = YES;
				CLANG_WARN_NON_LITERAL_NULL_CONVERSION = YES;
				CLANG_WARN_OBJC_IMPLICIT_RETAIN_SELF = YES;
				CLANG_WARN_OBJC_LITERAL_CONVERSION = YES;
				CLANG_WARN_OBJC_ROOT_CLASS = YES_ERROR;
				CLANG_WARN_RANGE_LOOP_ANALYSIS = YES;
				CLANG_WARN_STRICT_PROTOTYPES = YES;
				CLANG_WARN_SUSPICIOUS_MOVE = YES;
				CLANG_WARN_UNGUARDED_AVAILABILITY = YES_AGGRESSIVE;
				CLANG_WARN_UNREACHABLE_CODE = YES;
				CLANG_WARN__DUPLICATE_METHOD_MATCH = YES;
				COPY_PHASE_STRIP = NO;
				DEBUG_INFORMATION_FORMAT = "dwarf-with-dsym";
				ENABLE_NS_ASSERTIONS = NO;
				ENABLE_STRICT_OBJC_MSGSEND = YES;
				GCC_C_LANGUAGE_STANDARD = gnu11;
				GCC_NO_COMMON_BLOCKS = YES;
				GCC_WARN_64_TO_32_BIT_CONVERSION = YES;
				GCC_WARN_ABOUT_RETURN_TYPE = YES_ERROR;
				GCC_WARN_UNDECLARED_SELECTOR = YES;
				GCC_WARN_UNINITIALIZED_AUTOS = YES_AGGRESSIVE;
				GCC_WARN_UNUSED_FUNCTION = YES;
				GCC_WARN_UNUSED_VARIABLE = YES;
				IPHONEOS_DEPLOYMENT_TARGET = 13.1;
				MTL_ENABLE_DEBUG_INFO = NO;
				MTL_FAST_MATH = YES;
				SDKROOT = iphoneos;
				SWIFT_COMPILATION_MODE = wholemodule;
				SWIFT_OPTIMIZATION_LEVEL = "-O";
				VALIDATE_PRODUCT = YES;
			};
			name = Release;
		};
		77826C6A236F731A0063619D /* Debug */ = {
			isa = XCBuildConfiguration;
			buildSettings = {
				ASSETCATALOG_COMPILER_APPICON_NAME = AppIcon;
				CODE_SIGN_STYLE = Automatic;
				DEVELOPMENT_ASSET_PATHS = "\"VirtualTourist/Preview Content\"";
				ENABLE_PREVIEWS = YES;
				INFOPLIST_FILE = VirtualTourist/Info.plist;
				LD_RUNPATH_SEARCH_PATHS = (
					"$(inherited)",
					"@executable_path/Frameworks",
				);
				PRODUCT_BUNDLE_IDENTIFIER = com.NTG.VirtualTourist;
				PRODUCT_NAME = "$(TARGET_NAME)";
				SWIFT_VERSION = 5.0;
				TARGETED_DEVICE_FAMILY = "1,2";
			};
			name = Debug;
		};
		77826C6B236F731A0063619D /* Release */ = {
			isa = XCBuildConfiguration;
			buildSettings = {
				ASSETCATALOG_COMPILER_APPICON_NAME = AppIcon;
				CODE_SIGN_STYLE = Automatic;
				DEVELOPMENT_ASSET_PATHS = "\"VirtualTourist/Preview Content\"";
				ENABLE_PREVIEWS = YES;
				INFOPLIST_FILE = VirtualTourist/Info.plist;
				LD_RUNPATH_SEARCH_PATHS = (
					"$(inherited)",
					"@executable_path/Frameworks",
				);
				PRODUCT_BUNDLE_IDENTIFIER = com.NTG.VirtualTourist;
				PRODUCT_NAME = "$(TARGET_NAME)";
				SWIFT_VERSION = 5.0;
				TARGETED_DEVICE_FAMILY = "1,2";
			};
			name = Release;
		};
/* End XCBuildConfiguration section */

/* Begin XCConfigurationList section */
		77826C4D236F73130063619D /* Build configuration list for PBXProject "VirtualTourist" */ = {
			isa = XCConfigurationList;
			buildConfigurations = (
				77826C67236F731A0063619D /* Debug */,
				77826C68236F731A0063619D /* Release */,
			);
			defaultConfigurationIsVisible = 0;
			defaultConfigurationName = Release;
		};
		77826C69236F731A0063619D /* Build configuration list for PBXNativeTarget "VirtualTourist" */ = {
			isa = XCConfigurationList;
			buildConfigurations = (
				77826C6A236F731A0063619D /* Debug */,
				77826C6B236F731A0063619D /* Release */,
			);
			defaultConfigurationIsVisible = 0;
			defaultConfigurationName = Release;
		};
/* End XCConfigurationList section */

/* Begin XCVersionGroup section */
		77826C59236F73130063619D /* VirtualTourist.xcdatamodeld */ = {
			isa = XCVersionGroup;
			children = (
				77826C5A236F73130063619D /* VirtualTourist.xcdatamodel */,
			);
			currentVersion = 77826C5A236F73130063619D /* VirtualTourist.xcdatamodel */;
			path = VirtualTourist.xcdatamodeld;
			sourceTree = "<group>";
			versionGroupType = wrapper.xcdatamodel;
		};
/* End XCVersionGroup section */
	};
	rootObject = 77826C4A236F73130063619D /* Project object */;
}
